// !$*UTF8*$!
{
	archiveVersion = 1;
	classes = {
	};
	objectVersion = 48;
	objects = {

/* Begin PBXBuildFile section */
		5840836F1FEA02F5005044CC /* QzoneViewController.m in Sources */ = {isa = PBXBuildFile; fileRef = 5840836E1FEA02F5005044CC /* QzoneViewController.m */; };
		584083721FEA1080005044CC /* QQCustomNavigationView.m in Sources */ = {isa = PBXBuildFile; fileRef = 584083711FEA1080005044CC /* QQCustomNavigationView.m */; };
		584083751FEA3F2B005044CC /* ZhiHuCustomNavigationView.m in Sources */ = {isa = PBXBuildFile; fileRef = 584083741FEA3F2B005044CC /* ZhiHuCustomNavigationView.m */; };
		584083781FEA497D005044CC /* ZhiHuDailyViewController.m in Sources */ = {isa = PBXBuildFile; fileRef = 584083771FEA497D005044CC /* ZhiHuDailyViewController.m */; };
		5872DC2F1FE3D57000040CC5 /* AppDelegate.m in Sources */ = {isa = PBXBuildFile; fileRef = 5872DC2E1FE3D57000040CC5 /* AppDelegate.m */; };
		5872DC371FE3D57000040CC5 /* Assets.xcassets in Resources */ = {isa = PBXBuildFile; fileRef = 5872DC361FE3D57000040CC5 /* Assets.xcassets */; };
		5872DC3A1FE3D57000040CC5 /* LaunchScreen.storyboard in Resources */ = {isa = PBXBuildFile; fileRef = 5872DC381FE3D57000040CC5 /* LaunchScreen.storyboard */; };
		5872DC3D1FE3D57000040CC5 /* main.m in Sources */ = {isa = PBXBuildFile; fileRef = 5872DC3C1FE3D57000040CC5 /* main.m */; };
		587CA5581FE8A743009A3B31 /* WeiBoHeaderView.m in Sources */ = {isa = PBXBuildFile; fileRef = 587CA5571FE8A743009A3B31 /* WeiBoHeaderView.m */; };
		587CA55B1FE8B5E1009A3B31 /* UINavigationBar+Simple.m in Sources */ = {isa = PBXBuildFile; fileRef = 587CA55A1FE8B5E1009A3B31 /* UINavigationBar+Simple.m */; };
		587CA55E1FE90B57009A3B31 /* WeiBoCustomNavigationView.m in Sources */ = {isa = PBXBuildFile; fileRef = 587CA55D1FE90B57009A3B31 /* WeiBoCustomNavigationView.m */; };
		587CA5611FE9178B009A3B31 /* UIButton+Aliment.m in Sources */ = {isa = PBXBuildFile; fileRef = 587CA55F1FE9178A009A3B31 /* UIButton+Aliment.m */; };
		589B521E1FE4FC5300277109 /* GradualChangeController.m in Sources */ = {isa = PBXBuildFile; fileRef = 589B521D1FE4FC5300277109 /* GradualChangeController.m */; };
		589B52221FE516F900277109 /* UIScrollView+APParallaxHeader.m in Sources */ = {isa = PBXBuildFile; fileRef = 589B52201FE516F900277109 /* UIScrollView+APParallaxHeader.m */; };
		589B52251FE5185300277109 /* CustomNavigationBarView.m in Sources */ = {isa = PBXBuildFile; fileRef = 589B52241FE5185300277109 /* CustomNavigationBarView.m */; };
		58A129271FEC9D6B004CB1A8 /* ZhiHuSearchController.m in Sources */ = {isa = PBXBuildFile; fileRef = 58A129261FEC9D6B004CB1A8 /* ZhiHuSearchController.m */; };
		58A1292A1FECA042004CB1A8 /* CustomSearchBar.m in Sources */ = {isa = PBXBuildFile; fileRef = 58A129291FECA042004CB1A8 /* CustomSearchBar.m */; };
		58A1292D1FECD3EA004CB1A8 /* CustomSearchController.m in Sources */ = {isa = PBXBuildFile; fileRef = 58A1292C1FECD3EA004CB1A8 /* CustomSearchController.m */; };
		58A129301FECDF6F004CB1A8 /* ZhiHuSearchResultViewController.m in Sources */ = {isa = PBXBuildFile; fileRef = 58A1292F1FECDF6F004CB1A8 /* ZhiHuSearchResultViewController.m */; };
		58A129331FED0605004CB1A8 /* ZhiHuNormalTableViewCell.m in Sources */ = {isa = PBXBuildFile; fileRef = 58A129321FED0605004CB1A8 /* ZhiHuNormalTableViewCell.m */; };
		58A129361FED0B99004CB1A8 /* ZhiHuSearchView.m in Sources */ = {isa = PBXBuildFile; fileRef = 58A129351FED0B99004CB1A8 /* ZhiHuSearchView.m */; };
		58A1293C1FED10C6004CB1A8 /* ZhiHuCollectionViewCell.m in Sources */ = {isa = PBXBuildFile; fileRef = 58A1293B1FED10C6004CB1A8 /* ZhiHuCollectionViewCell.m */; };
		C303E8661FEEAFAE0058FFB1 /* ZhiHuHotModel.m in Sources */ = {isa = PBXBuildFile; fileRef = C303E8651FEEAFAE0058FFB1 /* ZhiHuHotModel.m */; };
		C306251F1FE4076B00ADF1C4 /* MainListViewController.m in Sources */ = {isa = PBXBuildFile; fileRef = C306251E1FE4076B00ADF1C4 /* MainListViewController.m */; };
		C30625221FE4097600ADF1C4 /* BaseNavigationController.m in Sources */ = {isa = PBXBuildFile; fileRef = C30625211FE4097600ADF1C4 /* BaseNavigationController.m */; };
		C30625261FE4138800ADF1C4 /* NormalTableViewCell.m in Sources */ = {isa = PBXBuildFile; fileRef = C30625251FE4138800ADF1C4 /* NormalTableViewCell.m */; };
		C34037B21FE6851B00119BFB /* WeiBoViewController.m in Sources */ = {isa = PBXBuildFile; fileRef = C34037B11FE6851B00119BFB /* WeiBoViewController.m */; };
		C3CC55B21FEF60C300AD05F2 /* ZHiHuSeaarchHeaderView.m in Sources */ = {isa = PBXBuildFile; fileRef = C3CC55B11FEF60C300AD05F2 /* ZHiHuSeaarchHeaderView.m */; };
		C3CC55B51FEF9B4E00AD05F2 /* ZhiHuHeaderView.m in Sources */ = {isa = PBXBuildFile; fileRef = C3CC55B41FEF9B4E00AD05F2 /* ZhiHuHeaderView.m */; };
		C3CC55B81FEFB7DC00AD05F2 /* UICollectionViewLeftAlignedLayout.m in Sources */ = {isa = PBXBuildFile; fileRef = C3CC55B61FEFB7DC00AD05F2 /* UICollectionViewLeftAlignedLayout.m */; };
		C3CC55BB1FEFED1B00AD05F2 /* ZhiHuSearchFootView.m in Sources */ = {isa = PBXBuildFile; fileRef = C3CC55BA1FEFED1B00AD05F2 /* ZhiHuSearchFootView.m */; };
		CC0689C3DCECAA2A19E2A76B /* libPods-NavigationControllerAnalyse.a in Frameworks */ = {isa = PBXBuildFile; fileRef = BB62F8A1BCF3FF499908FF92 /* libPods-NavigationControllerAnalyse.a */; };
/* End PBXBuildFile section */

/* Begin PBXFileReference section */
		0C9768ACBC8AE8426AEBDC94 /* Pods-NavigationControllerAnalyse.release.xcconfig */ = {isa = PBXFileReference; includeInIndex = 1; lastKnownFileType = text.xcconfig; name = "Pods-NavigationControllerAnalyse.release.xcconfig"; path = "Pods/Target Support Files/Pods-NavigationControllerAnalyse/Pods-NavigationControllerAnalyse.release.xcconfig"; sourceTree = "<group>"; };
		5840836D1FEA02F5005044CC /* QzoneViewController.h */ = {isa = PBXFileReference; lastKnownFileType = sourcecode.c.h; path = QzoneViewController.h; sourceTree = "<group>"; };
		5840836E1FEA02F5005044CC /* QzoneViewController.m */ = {isa = PBXFileReference; lastKnownFileType = sourcecode.c.objc; path = QzoneViewController.m; sourceTree = "<group>"; };
		584083701FEA1080005044CC /* QQCustomNavigationView.h */ = {isa = PBXFileReference; lastKnownFileType = sourcecode.c.h; path = QQCustomNavigationView.h; sourceTree = "<group>"; };
		584083711FEA1080005044CC /* QQCustomNavigationView.m */ = {isa = PBXFileReference; lastKnownFileType = sourcecode.c.objc; path = QQCustomNavigationView.m; sourceTree = "<group>"; };
		584083731FEA3F2B005044CC /* ZhiHuCustomNavigationView.h */ = {isa = PBXFileReference; lastKnownFileType = sourcecode.c.h; path = ZhiHuCustomNavigationView.h; sourceTree = "<group>"; };
		584083741FEA3F2B005044CC /* ZhiHuCustomNavigationView.m */ = {isa = PBXFileReference; lastKnownFileType = sourcecode.c.objc; path = ZhiHuCustomNavigationView.m; sourceTree = "<group>"; };
		584083761FEA497D005044CC /* ZhiHuDailyViewController.h */ = {isa = PBXFileReference; lastKnownFileType = sourcecode.c.h; path = ZhiHuDailyViewController.h; sourceTree = "<group>"; };
		584083771FEA497D005044CC /* ZhiHuDailyViewController.m */ = {isa = PBXFileReference; lastKnownFileType = sourcecode.c.objc; path = ZhiHuDailyViewController.m; sourceTree = "<group>"; };
		5872DC2A1FE3D57000040CC5 /* NavigationControllerAnalyse.app */ = {isa = PBXFileReference; explicitFileType = wrapper.application; includeInIndex = 0; path = NavigationControllerAnalyse.app; sourceTree = BUILT_PRODUCTS_DIR; };
		5872DC2D1FE3D57000040CC5 /* AppDelegate.h */ = {isa = PBXFileReference; lastKnownFileType = sourcecode.c.h; path = AppDelegate.h; sourceTree = "<group>"; };
		5872DC2E1FE3D57000040CC5 /* AppDelegate.m */ = {isa = PBXFileReference; lastKnownFileType = sourcecode.c.objc; path = AppDelegate.m; sourceTree = "<group>"; };
		5872DC361FE3D57000040CC5 /* Assets.xcassets */ = {isa = PBXFileReference; lastKnownFileType = folder.assetcatalog; path = Assets.xcassets; sourceTree = "<group>"; };
		5872DC391FE3D57000040CC5 /* Base */ = {isa = PBXFileReference; lastKnownFileType = file.storyboard; name = Base; path = Base.lproj/LaunchScreen.storyboard; sourceTree = "<group>"; };
		5872DC3B1FE3D57000040CC5 /* Info.plist */ = {isa = PBXFileReference; lastKnownFileType = text.plist.xml; path = Info.plist; sourceTree = "<group>"; };
		5872DC3C1FE3D57000040CC5 /* main.m */ = {isa = PBXFileReference; lastKnownFileType = sourcecode.c.objc; path = main.m; sourceTree = "<group>"; };
		587CA5561FE8A743009A3B31 /* WeiBoHeaderView.h */ = {isa = PBXFileReference; lastKnownFileType = sourcecode.c.h; path = WeiBoHeaderView.h; sourceTree = "<group>"; };
		587CA5571FE8A743009A3B31 /* WeiBoHeaderView.m */ = {isa = PBXFileReference; lastKnownFileType = sourcecode.c.objc; path = WeiBoHeaderView.m; sourceTree = "<group>"; };
		587CA5591FE8B5E1009A3B31 /* UINavigationBar+Simple.h */ = {isa = PBXFileReference; lastKnownFileType = sourcecode.c.h; path = "UINavigationBar+Simple.h"; sourceTree = "<group>"; };
		587CA55A1FE8B5E1009A3B31 /* UINavigationBar+Simple.m */ = {isa = PBXFileReference; lastKnownFileType = sourcecode.c.objc; path = "UINavigationBar+Simple.m"; sourceTree = "<group>"; };
		587CA55C1FE90B57009A3B31 /* WeiBoCustomNavigationView.h */ = {isa = PBXFileReference; lastKnownFileType = sourcecode.c.h; path = WeiBoCustomNavigationView.h; sourceTree = "<group>"; };
		587CA55D1FE90B57009A3B31 /* WeiBoCustomNavigationView.m */ = {isa = PBXFileReference; lastKnownFileType = sourcecode.c.objc; path = WeiBoCustomNavigationView.m; sourceTree = "<group>"; };
		587CA55F1FE9178A009A3B31 /* UIButton+Aliment.m */ = {isa = PBXFileReference; lastKnownFileType = sourcecode.c.objc; path = "UIButton+Aliment.m"; sourceTree = "<group>"; };
		587CA5601FE9178A009A3B31 /* UIButton+Aliment.h */ = {isa = PBXFileReference; lastKnownFileType = sourcecode.c.h; path = "UIButton+Aliment.h"; sourceTree = "<group>"; };
		589B521C1FE4FC5300277109 /* GradualChangeController.h */ = {isa = PBXFileReference; lastKnownFileType = sourcecode.c.h; path = GradualChangeController.h; sourceTree = "<group>"; };
		589B521D1FE4FC5300277109 /* GradualChangeController.m */ = {isa = PBXFileReference; lastKnownFileType = sourcecode.c.objc; path = GradualChangeController.m; sourceTree = "<group>"; };
		589B52201FE516F900277109 /* UIScrollView+APParallaxHeader.m */ = {isa = PBXFileReference; fileEncoding = 4; lastKnownFileType = sourcecode.c.objc; path = "UIScrollView+APParallaxHeader.m"; sourceTree = "<group>"; };
		589B52211FE516F900277109 /* UIScrollView+APParallaxHeader.h */ = {isa = PBXFileReference; fileEncoding = 4; lastKnownFileType = sourcecode.c.h; path = "UIScrollView+APParallaxHeader.h"; sourceTree = "<group>"; };
		589B52231FE5185300277109 /* CustomNavigationBarView.h */ = {isa = PBXFileReference; lastKnownFileType = sourcecode.c.h; path = CustomNavigationBarView.h; sourceTree = "<group>"; };
		589B52241FE5185300277109 /* CustomNavigationBarView.m */ = {isa = PBXFileReference; lastKnownFileType = sourcecode.c.objc; path = CustomNavigationBarView.m; sourceTree = "<group>"; };
		58A129251FEC9D6B004CB1A8 /* ZhiHuSearchController.h */ = {isa = PBXFileReference; lastKnownFileType = sourcecode.c.h; path = ZhiHuSearchController.h; sourceTree = "<group>"; };
		58A129261FEC9D6B004CB1A8 /* ZhiHuSearchController.m */ = {isa = PBXFileReference; lastKnownFileType = sourcecode.c.objc; path = ZhiHuSearchController.m; sourceTree = "<group>"; };
		58A129281FECA042004CB1A8 /* CustomSearchBar.h */ = {isa = PBXFileReference; lastKnownFileType = sourcecode.c.h; path = CustomSearchBar.h; sourceTree = "<group>"; };
		58A129291FECA042004CB1A8 /* CustomSearchBar.m */ = {isa = PBXFileReference; lastKnownFileType = sourcecode.c.objc; path = CustomSearchBar.m; sourceTree = "<group>"; };
		58A1292B1FECD3EA004CB1A8 /* CustomSearchController.h */ = {isa = PBXFileReference; lastKnownFileType = sourcecode.c.h; path = CustomSearchController.h; sourceTree = "<group>"; };
		58A1292C1FECD3EA004CB1A8 /* CustomSearchController.m */ = {isa = PBXFileReference; lastKnownFileType = sourcecode.c.objc; path = CustomSearchController.m; sourceTree = "<group>"; };
		58A1292E1FECDF6F004CB1A8 /* ZhiHuSearchResultViewController.h */ = {isa = PBXFileReference; lastKnownFileType = sourcecode.c.h; path = ZhiHuSearchResultViewController.h; sourceTree = "<group>"; };
		58A1292F1FECDF6F004CB1A8 /* ZhiHuSearchResultViewController.m */ = {isa = PBXFileReference; lastKnownFileType = sourcecode.c.objc; path = ZhiHuSearchResultViewController.m; sourceTree = "<group>"; };
		58A129311FED0605004CB1A8 /* ZhiHuNormalTableViewCell.h */ = {isa = PBXFileReference; lastKnownFileType = sourcecode.c.h; path = ZhiHuNormalTableViewCell.h; sourceTree = "<group>"; };
		58A129321FED0605004CB1A8 /* ZhiHuNormalTableViewCell.m */ = {isa = PBXFileReference; lastKnownFileType = sourcecode.c.objc; path = ZhiHuNormalTableViewCell.m; sourceTree = "<group>"; };
		58A129341FED0B99004CB1A8 /* ZhiHuSearchView.h */ = {isa = PBXFileReference; lastKnownFileType = sourcecode.c.h; path = ZhiHuSearchView.h; sourceTree = "<group>"; };
		58A129351FED0B99004CB1A8 /* ZhiHuSearchView.m */ = {isa = PBXFileReference; lastKnownFileType = sourcecode.c.objc; path = ZhiHuSearchView.m; sourceTree = "<group>"; };
		58A1293A1FED10C6004CB1A8 /* ZhiHuCollectionViewCell.h */ = {isa = PBXFileReference; lastKnownFileType = sourcecode.c.h; path = ZhiHuCollectionViewCell.h; sourceTree = "<group>"; };
		58A1293B1FED10C6004CB1A8 /* ZhiHuCollectionViewCell.m */ = {isa = PBXFileReference; lastKnownFileType = sourcecode.c.objc; path = ZhiHuCollectionViewCell.m; sourceTree = "<group>"; };
		9299628B9ADBF54053B28676 /* Pods-NavigationControllerAnalyse.debug.xcconfig */ = {isa = PBXFileReference; includeInIndex = 1; lastKnownFileType = text.xcconfig; name = "Pods-NavigationControllerAnalyse.debug.xcconfig"; path = "Pods/Target Support Files/Pods-NavigationControllerAnalyse/Pods-NavigationControllerAnalyse.debug.xcconfig"; sourceTree = "<group>"; };
		BB62F8A1BCF3FF499908FF92 /* libPods-NavigationControllerAnalyse.a */ = {isa = PBXFileReference; explicitFileType = archive.ar; includeInIndex = 0; path = "libPods-NavigationControllerAnalyse.a"; sourceTree = BUILT_PRODUCTS_DIR; };
		C303E8641FEEAFAE0058FFB1 /* ZhiHuHotModel.h */ = {isa = PBXFileReference; lastKnownFileType = sourcecode.c.h; path = ZhiHuHotModel.h; sourceTree = "<group>"; };
		C303E8651FEEAFAE0058FFB1 /* ZhiHuHotModel.m */ = {isa = PBXFileReference; lastKnownFileType = sourcecode.c.objc; path = ZhiHuHotModel.m; sourceTree = "<group>"; };
		C306251B1FE4057100ADF1C4 /* PrefixHeader.pch */ = {isa = PBXFileReference; lastKnownFileType = sourcecode.c.h; path = PrefixHeader.pch; sourceTree = "<group>"; };
		C306251D1FE4076B00ADF1C4 /* MainListViewController.h */ = {isa = PBXFileReference; lastKnownFileType = sourcecode.c.h; path = MainListViewController.h; sourceTree = "<group>"; };
		C306251E1FE4076B00ADF1C4 /* MainListViewController.m */ = {isa = PBXFileReference; lastKnownFileType = sourcecode.c.objc; path = MainListViewController.m; sourceTree = "<group>"; };
		C30625201FE4097600ADF1C4 /* BaseNavigationController.h */ = {isa = PBXFileReference; lastKnownFileType = sourcecode.c.h; path = BaseNavigationController.h; sourceTree = "<group>"; };
		C30625211FE4097600ADF1C4 /* BaseNavigationController.m */ = {isa = PBXFileReference; lastKnownFileType = sourcecode.c.objc; path = BaseNavigationController.m; sourceTree = "<group>"; };
		C30625241FE4138800ADF1C4 /* NormalTableViewCell.h */ = {isa = PBXFileReference; lastKnownFileType = sourcecode.c.h; path = NormalTableViewCell.h; sourceTree = "<group>"; };
		C30625251FE4138800ADF1C4 /* NormalTableViewCell.m */ = {isa = PBXFileReference; lastKnownFileType = sourcecode.c.objc; path = NormalTableViewCell.m; sourceTree = "<group>"; };
		C34037B01FE6851B00119BFB /* WeiBoViewController.h */ = {isa = PBXFileReference; lastKnownFileType = sourcecode.c.h; path = WeiBoViewController.h; sourceTree = "<group>"; };
		C34037B11FE6851B00119BFB /* WeiBoViewController.m */ = {isa = PBXFileReference; lastKnownFileType = sourcecode.c.objc; path = WeiBoViewController.m; sourceTree = "<group>"; };
		C3CC55B01FEF60C300AD05F2 /* ZHiHuSeaarchHeaderView.h */ = {isa = PBXFileReference; lastKnownFileType = sourcecode.c.h; path = ZHiHuSeaarchHeaderView.h; sourceTree = "<group>"; };
		C3CC55B11FEF60C300AD05F2 /* ZHiHuSeaarchHeaderView.m */ = {isa = PBXFileReference; lastKnownFileType = sourcecode.c.objc; path = ZHiHuSeaarchHeaderView.m; sourceTree = "<group>"; };
		C3CC55B31FEF9B4E00AD05F2 /* ZhiHuHeaderView.h */ = {isa = PBXFileReference; fileEncoding = 4; lastKnownFileType = sourcecode.c.h; path = ZhiHuHeaderView.h; sourceTree = "<group>"; };
		C3CC55B41FEF9B4E00AD05F2 /* ZhiHuHeaderView.m */ = {isa = PBXFileReference; fileEncoding = 4; lastKnownFileType = sourcecode.c.objc; path = ZhiHuHeaderView.m; sourceTree = "<group>"; };
		C3CC55B61FEFB7DC00AD05F2 /* UICollectionViewLeftAlignedLayout.m */ = {isa = PBXFileReference; fileEncoding = 4; lastKnownFileType = sourcecode.c.objc; path = UICollectionViewLeftAlignedLayout.m; sourceTree = "<group>"; };
		C3CC55B71FEFB7DC00AD05F2 /* UICollectionViewLeftAlignedLayout.h */ = {isa = PBXFileReference; fileEncoding = 4; lastKnownFileType = sourcecode.c.h; path = UICollectionViewLeftAlignedLayout.h; sourceTree = "<group>"; };
		C3CC55B91FEFED1B00AD05F2 /* ZhiHuSearchFootView.h */ = {isa = PBXFileReference; lastKnownFileType = sourcecode.c.h; path = ZhiHuSearchFootView.h; sourceTree = "<group>"; };
		C3CC55BA1FEFED1B00AD05F2 /* ZhiHuSearchFootView.m */ = {isa = PBXFileReference; lastKnownFileType = sourcecode.c.objc; path = ZhiHuSearchFootView.m; sourceTree = "<group>"; };
/* End PBXFileReference section */

/* Begin PBXFrameworksBuildPhase section */
		5872DC271FE3D57000040CC5 /* Frameworks */ = {
			isa = PBXFrameworksBuildPhase;
			buildActionMask = 2147483647;
			files = (
				CC0689C3DCECAA2A19E2A76B /* libPods-NavigationControllerAnalyse.a in Frameworks */,
			);
			runOnlyForDeploymentPostprocessing = 0;
		};
/* End PBXFrameworksBuildPhase section */

/* Begin PBXGroup section */
		125B7276069E0968D155DF42 /* Pods */ = {
			isa = PBXGroup;
			children = (
				9299628B9ADBF54053B28676 /* Pods-NavigationControllerAnalyse.debug.xcconfig */,
				0C9768ACBC8AE8426AEBDC94 /* Pods-NavigationControllerAnalyse.release.xcconfig */,
			);
			name = Pods;
			sourceTree = "<group>";
		};
		5872DC211FE3D57000040CC5 = {
			isa = PBXGroup;
			children = (
				5872DC2C1FE3D57000040CC5 /* NavigationControllerAnalyse */,
				5872DC2B1FE3D57000040CC5 /* Products */,
				125B7276069E0968D155DF42 /* Pods */,
				94B80DEAE530A2EE26FE9458 /* Frameworks */,
			);
			sourceTree = "<group>";
		};
		5872DC2B1FE3D57000040CC5 /* Products */ = {
			isa = PBXGroup;
			children = (
				5872DC2A1FE3D57000040CC5 /* NavigationControllerAnalyse.app */,
			);
			name = Products;
			sourceTree = "<group>";
		};
		5872DC2C1FE3D57000040CC5 /* NavigationControllerAnalyse */ = {
			isa = PBXGroup;
			children = (
				C303E8631FEEAF890058FFB1 /* Model */,
				589B521F1FE516E200277109 /* Common */,
				C30625231FE4137400ADF1C4 /* View */,
				C306251C1FE4074C00ADF1C4 /* Controller */,
				5872DC2D1FE3D57000040CC5 /* AppDelegate.h */,
				5872DC2E1FE3D57000040CC5 /* AppDelegate.m */,
				5872DC361FE3D57000040CC5 /* Assets.xcassets */,
				5872DC381FE3D57000040CC5 /* LaunchScreen.storyboard */,
				5872DC3B1FE3D57000040CC5 /* Info.plist */,
				5872DC3C1FE3D57000040CC5 /* main.m */,
				C306251B1FE4057100ADF1C4 /* PrefixHeader.pch */,
			);
			path = NavigationControllerAnalyse;
			sourceTree = "<group>";
		};
		589B521F1FE516E200277109 /* Common */ = {
			isa = PBXGroup;
			children = (
				C3CC55B71FEFB7DC00AD05F2 /* UICollectionViewLeftAlignedLayout.h */,
				C3CC55B61FEFB7DC00AD05F2 /* UICollectionViewLeftAlignedLayout.m */,
				587CA5601FE9178A009A3B31 /* UIButton+Aliment.h */,
				587CA55F1FE9178A009A3B31 /* UIButton+Aliment.m */,
				589B52211FE516F900277109 /* UIScrollView+APParallaxHeader.h */,
				589B52201FE516F900277109 /* UIScrollView+APParallaxHeader.m */,
				587CA5591FE8B5E1009A3B31 /* UINavigationBar+Simple.h */,
				587CA55A1FE8B5E1009A3B31 /* UINavigationBar+Simple.m */,
			);
			path = Common;
			sourceTree = "<group>";
		};
		94B80DEAE530A2EE26FE9458 /* Frameworks */ = {
			isa = PBXGroup;
			children = (
				BB62F8A1BCF3FF499908FF92 /* libPods-NavigationControllerAnalyse.a */,
			);
			name = Frameworks;
			sourceTree = "<group>";
		};
		C303E8631FEEAF890058FFB1 /* Model */ = {
			isa = PBXGroup;
			children = (
				C303E8641FEEAFAE0058FFB1 /* ZhiHuHotModel.h */,
				C303E8651FEEAFAE0058FFB1 /* ZhiHuHotModel.m */,
			);
			path = Model;
			sourceTree = "<group>";
		};
		C306251C1FE4074C00ADF1C4 /* Controller */ = {
			isa = PBXGroup;
			children = (
				C30625201FE4097600ADF1C4 /* BaseNavigationController.h */,
				C30625211FE4097600ADF1C4 /* BaseNavigationController.m */,
				C306251D1FE4076B00ADF1C4 /* MainListViewController.h */,
				C306251E1FE4076B00ADF1C4 /* MainListViewController.m */,
				589B521C1FE4FC5300277109 /* GradualChangeController.h */,
				589B521D1FE4FC5300277109 /* GradualChangeController.m */,
				C34037B01FE6851B00119BFB /* WeiBoViewController.h */,
				C34037B11FE6851B00119BFB /* WeiBoViewController.m */,
				5840836D1FEA02F5005044CC /* QzoneViewController.h */,
				5840836E1FEA02F5005044CC /* QzoneViewController.m */,
				584083761FEA497D005044CC /* ZhiHuDailyViewController.h */,
				584083771FEA497D005044CC /* ZhiHuDailyViewController.m */,
				58A129251FEC9D6B004CB1A8 /* ZhiHuSearchController.h */,
				58A129261FEC9D6B004CB1A8 /* ZhiHuSearchController.m */,
				58A1292E1FECDF6F004CB1A8 /* ZhiHuSearchResultViewController.h */,
				58A1292F1FECDF6F004CB1A8 /* ZhiHuSearchResultViewController.m */,
			);
			path = Controller;
			sourceTree = "<group>";
		};
		C30625231FE4137400ADF1C4 /* View */ = {
			isa = PBXGroup;
			children = (
				C30625241FE4138800ADF1C4 /* NormalTableViewCell.h */,
				C30625251FE4138800ADF1C4 /* NormalTableViewCell.m */,
				589B52231FE5185300277109 /* CustomNavigationBarView.h */,
				589B52241FE5185300277109 /* CustomNavigationBarView.m */,
				587CA5561FE8A743009A3B31 /* WeiBoHeaderView.h */,
				587CA5571FE8A743009A3B31 /* WeiBoHeaderView.m */,
				587CA55C1FE90B57009A3B31 /* WeiBoCustomNavigationView.h */,
				587CA55D1FE90B57009A3B31 /* WeiBoCustomNavigationView.m */,
				584083701FEA1080005044CC /* QQCustomNavigationView.h */,
				584083711FEA1080005044CC /* QQCustomNavigationView.m */,
				584083731FEA3F2B005044CC /* ZhiHuCustomNavigationView.h */,
				584083741FEA3F2B005044CC /* ZhiHuCustomNavigationView.m */,
				58A129281FECA042004CB1A8 /* CustomSearchBar.h */,
				58A129291FECA042004CB1A8 /* CustomSearchBar.m */,
				58A1292B1FECD3EA004CB1A8 /* CustomSearchController.h */,
				58A1292C1FECD3EA004CB1A8 /* CustomSearchController.m */,
				58A129311FED0605004CB1A8 /* ZhiHuNormalTableViewCell.h */,
				58A129321FED0605004CB1A8 /* ZhiHuNormalTableViewCell.m */,
				58A1293A1FED10C6004CB1A8 /* ZhiHuCollectionViewCell.h */,
				58A1293B1FED10C6004CB1A8 /* ZhiHuCollectionViewCell.m */,
				C3CC55B01FEF60C300AD05F2 /* ZHiHuSeaarchHeaderView.h */,
				C3CC55B11FEF60C300AD05F2 /* ZHiHuSeaarchHeaderView.m */,
				C3CC55B91FEFED1B00AD05F2 /* ZhiHuSearchFootView.h */,
				C3CC55BA1FEFED1B00AD05F2 /* ZhiHuSearchFootView.m */,
				C3CC55B31FEF9B4E00AD05F2 /* ZhiHuHeaderView.h */,
				C3CC55B41FEF9B4E00AD05F2 /* ZhiHuHeaderView.m */,
				58A129341FED0B99004CB1A8 /* ZhiHuSearchView.h */,
				58A129351FED0B99004CB1A8 /* ZhiHuSearchView.m */,
			);
			path = View;
			sourceTree = "<group>";
		};
/* End PBXGroup section */

/* Begin PBXNativeTarget section */
		5872DC291FE3D57000040CC5 /* NavigationControllerAnalyse */ = {
			isa = PBXNativeTarget;
			buildConfigurationList = 5872DC561FE3D57000040CC5 /* Build configuration list for PBXNativeTarget "NavigationControllerAnalyse" */;
			buildPhases = (
				C8BA5585915CDF4D6D88AF0F /* [CP] Check Pods Manifest.lock */,
				5872DC261FE3D57000040CC5 /* Sources */,
				5872DC271FE3D57000040CC5 /* Frameworks */,
				5872DC281FE3D57000040CC5 /* Resources */,
				F667722275C0952400653D8F /* [CP] Embed Pods Frameworks */,
				04A246F851FD3A8FC87D9738 /* [CP] Copy Pods Resources */,
			);
			buildRules = (
			);
			dependencies = (
			);
			name = NavigationControllerAnalyse;
			productName = NavigationControllerAnalyse;
			productReference = 5872DC2A1FE3D57000040CC5 /* NavigationControllerAnalyse.app */;
			productType = "com.apple.product-type.application";
		};
/* End PBXNativeTarget section */

/* Begin PBXProject section */
		5872DC221FE3D57000040CC5 /* Project object */ = {
			isa = PBXProject;
			attributes = {
				LastUpgradeCheck = 0900;
				ORGANIZATIONNAME = caoxueliang.cn;
				TargetAttributes = {
					5872DC291FE3D57000040CC5 = {
						CreatedOnToolsVersion = 9.0;
						ProvisioningStyle = Automatic;
					};
				};
			};
			buildConfigurationList = 5872DC251FE3D57000040CC5 /* Build configuration list for PBXProject "NavigationControllerAnalyse" */;
			compatibilityVersion = "Xcode 8.0";
			developmentRegion = en;
			hasScannedForEncodings = 0;
			knownRegions = (
				en,
				Base,
			);
			mainGroup = 5872DC211FE3D57000040CC5;
			productRefGroup = 5872DC2B1FE3D57000040CC5 /* Products */;
			projectDirPath = "";
			projectRoot = "";
			targets = (
				5872DC291FE3D57000040CC5 /* NavigationControllerAnalyse */,
			);
		};
/* End PBXProject section */

/* Begin PBXResourcesBuildPhase section */
		5872DC281FE3D57000040CC5 /* Resources */ = {
			isa = PBXResourcesBuildPhase;
			buildActionMask = 2147483647;
			files = (
				5872DC3A1FE3D57000040CC5 /* LaunchScreen.storyboard in Resources */,
				5872DC371FE3D57000040CC5 /* Assets.xcassets in Resources */,
			);
			runOnlyForDeploymentPostprocessing = 0;
		};
/* End PBXResourcesBuildPhase section */

/* Begin PBXShellScriptBuildPhase section */
		04A246F851FD3A8FC87D9738 /* [CP] Copy Pods Resources */ = {
			isa = PBXShellScriptBuildPhase;
			buildActionMask = 2147483647;
			files = (
			);
			inputPaths = (
			);
			name = "[CP] Copy Pods Resources";
			outputPaths = (
			);
			runOnlyForDeploymentPostprocessing = 0;
			shellPath = /bin/sh;
			shellScript = "\"${SRCROOT}/Pods/Target Support Files/Pods-NavigationControllerAnalyse/Pods-NavigationControllerAnalyse-resources.sh\"\n";
			showEnvVarsInLog = 0;
		};
		C8BA5585915CDF4D6D88AF0F /* [CP] Check Pods Manifest.lock */ = {
			isa = PBXShellScriptBuildPhase;
			buildActionMask = 2147483647;
			files = (
			);
			inputPaths = (
				"${PODS_PODFILE_DIR_PATH}/Podfile.lock",
				"${PODS_ROOT}/Manifest.lock",
			);
			name = "[CP] Check Pods Manifest.lock";
			outputPaths = (
				"$(DERIVED_FILE_DIR)/Pods-NavigationControllerAnalyse-checkManifestLockResult.txt",
			);
			runOnlyForDeploymentPostprocessing = 0;
			shellPath = /bin/sh;
			shellScript = "diff \"${PODS_PODFILE_DIR_PATH}/Podfile.lock\" \"${PODS_ROOT}/Manifest.lock\" > /dev/null\nif [ $? != 0 ] ; then\n    # print error to STDERR\n    echo \"error: The sandbox is not in sync with the Podfile.lock. Run 'pod install' or update your CocoaPods installation.\" >&2\n    exit 1\nfi\n# This output is used by Xcode 'outputs' to avoid re-running this script phase.\necho \"SUCCESS\" > \"${SCRIPT_OUTPUT_FILE_0}\"\n";
			showEnvVarsInLog = 0;
		};
		F667722275C0952400653D8F /* [CP] Embed Pods Frameworks */ = {
			isa = PBXShellScriptBuildPhase;
			buildActionMask = 2147483647;
			files = (
			);
			inputPaths = (
			);
			name = "[CP] Embed Pods Frameworks";
			outputPaths = (
			);
			runOnlyForDeploymentPostprocessing = 0;
			shellPath = /bin/sh;
			shellScript = "\"${SRCROOT}/Pods/Target Support Files/Pods-NavigationControllerAnalyse/Pods-NavigationControllerAnalyse-frameworks.sh\"\n";
			showEnvVarsInLog = 0;
		};
/* End PBXShellScriptBuildPhase section */

/* Begin PBXSourcesBuildPhase section */
		5872DC261FE3D57000040CC5 /* Sources */ = {
			isa = PBXSourcesBuildPhase;
			buildActionMask = 2147483647;
			files = (
				584083781FEA497D005044CC /* ZhiHuDailyViewController.m in Sources */,
				C3CC55B21FEF60C300AD05F2 /* ZHiHuSeaarchHeaderView.m in Sources */,
				C3CC55BB1FEFED1B00AD05F2 /* ZhiHuSearchFootView.m in Sources */,
				587CA55B1FE8B5E1009A3B31 /* UINavigationBar+Simple.m in Sources */,
				58A1292D1FECD3EA004CB1A8 /* CustomSearchController.m in Sources */,
				58A1293C1FED10C6004CB1A8 /* ZhiHuCollectionViewCell.m in Sources */,
				C34037B21FE6851B00119BFB /* WeiBoViewController.m in Sources */,
				C30625221FE4097600ADF1C4 /* BaseNavigationController.m in Sources */,
				C303E8661FEEAFAE0058FFB1 /* ZhiHuHotModel.m in Sources */,
				58A129331FED0605004CB1A8 /* ZhiHuNormalTableViewCell.m in Sources */,
				587CA5581FE8A743009A3B31 /* WeiBoHeaderView.m in Sources */,
				584083751FEA3F2B005044CC /* ZhiHuCustomNavigationView.m in Sources */,
				C3CC55B51FEF9B4E00AD05F2 /* ZhiHuHeaderView.m in Sources */,
				5872DC3D1FE3D57000040CC5 /* main.m in Sources */,
				C306251F1FE4076B00ADF1C4 /* MainListViewController.m in Sources */,
				5872DC2F1FE3D57000040CC5 /* AppDelegate.m in Sources */,
				587CA5611FE9178B009A3B31 /* UIButton+Aliment.m in Sources */,
				58A129361FED0B99004CB1A8 /* ZhiHuSearchView.m in Sources */,
				589B52221FE516F900277109 /* UIScrollView+APParallaxHeader.m in Sources */,
				58A129271FEC9D6B004CB1A8 /* ZhiHuSearchController.m in Sources */,
				589B521E1FE4FC5300277109 /* GradualChangeController.m in Sources */,
				5840836F1FEA02F5005044CC /* QzoneViewController.m in Sources */,
				C30625261FE4138800ADF1C4 /* NormalTableViewCell.m in Sources */,
				584083721FEA1080005044CC /* QQCustomNavigationView.m in Sources */,
				58A129301FECDF6F004CB1A8 /* ZhiHuSearchResultViewController.m in Sources */,
				587CA55E1FE90B57009A3B31 /* WeiBoCustomNavigationView.m in Sources */,
				58A1292A1FECA042004CB1A8 /* CustomSearchBar.m in Sources */,
				C3CC55B81FEFB7DC00AD05F2 /* UICollectionViewLeftAlignedLayout.m in Sources */,
				589B52251FE5185300277109 /* CustomNavigationBarView.m in Sources */,
			);
			runOnlyForDeploymentPostprocessing = 0;
		};
/* End PBXSourcesBuildPhase section */

/* Begin PBXVariantGroup section */
		5872DC381FE3D57000040CC5 /* LaunchScreen.storyboard */ = {
			isa = PBXVariantGroup;
			children = (
				5872DC391FE3D57000040CC5 /* Base */,
			);
			name = LaunchScreen.storyboard;
			sourceTree = "<group>";
		};
/* End PBXVariantGroup section */

/* Begin XCBuildConfiguration section */
		5872DC541FE3D57000040CC5 /* Debug */ = {
			isa = XCBuildConfiguration;
			buildSettings = {
				ALWAYS_SEARCH_USER_PATHS = NO;
				CLANG_ANALYZER_NONNULL = YES;
				CLANG_ANALYZER_NUMBER_OBJECT_CONVERSION = YES_AGGRESSIVE;
				CLANG_CXX_LANGUAGE_STANDARD = "gnu++14";
				CLANG_CXX_LIBRARY = "libc++";
				CLANG_ENABLE_MODULES = YES;
				CLANG_ENABLE_OBJC_ARC = YES;
				CLANG_WARN_BLOCK_CAPTURE_AUTORELEASING = YES;
				CLANG_WARN_BOOL_CONVERSION = YES;
				CLANG_WARN_COMMA = YES;
				CLANG_WARN_CONSTANT_CONVERSION = YES;
				CLANG_WARN_DIRECT_OBJC_ISA_USAGE = YES_ERROR;
				CLANG_WARN_DOCUMENTATION_COMMENTS = YES;
				CLANG_WARN_EMPTY_BODY = YES;
				CLANG_WARN_ENUM_CONVERSION = YES;
				CLANG_WARN_INFINITE_RECURSION = YES;
				CLANG_WARN_INT_CONVERSION = YES;
				CLANG_WARN_NON_LITERAL_NULL_CONVERSION = YES;
				CLANG_WARN_OBJC_LITERAL_CONVERSION = YES;
				CLANG_WARN_OBJC_ROOT_CLASS = YES_ERROR;
				CLANG_WARN_RANGE_LOOP_ANALYSIS = YES;
				CLANG_WARN_STRICT_PROTOTYPES = YES;
				CLANG_WARN_SUSPICIOUS_MOVE = YES;
				CLANG_WARN_UNGUARDED_AVAILABILITY = YES_AGGRESSIVE;
				CLANG_WARN_UNREACHABLE_CODE = YES;
				CLANG_WARN__DUPLICATE_METHOD_MATCH = YES;
				CODE_SIGN_IDENTITY = "iPhone Developer";
				COPY_PHASE_STRIP = NO;
				DEBUG_INFORMATION_FORMAT = dwarf;
				ENABLE_STRICT_OBJC_MSGSEND = YES;
				ENABLE_TESTABILITY = YES;
				GCC_C_LANGUAGE_STANDARD = gnu11;
				GCC_DYNAMIC_NO_PIC = NO;
				GCC_NO_COMMON_BLOCKS = YES;
				GCC_OPTIMIZATION_LEVEL = 0;
				GCC_PREPROCESSOR_DEFINITIONS = (
					"DEBUG=1",
					"$(inherited)",
				);
				GCC_WARN_64_TO_32_BIT_CONVERSION = YES;
				GCC_WARN_ABOUT_RETURN_TYPE = YES_ERROR;
				GCC_WARN_UNDECLARED_SELECTOR = YES;
				GCC_WARN_UNINITIALIZED_AUTOS = YES_AGGRESSIVE;
				GCC_WARN_UNUSED_FUNCTION = YES;
				GCC_WARN_UNUSED_VARIABLE = YES;
				IPHONEOS_DEPLOYMENT_TARGET = 9.0;
				MTL_ENABLE_DEBUG_INFO = YES;
				ONLY_ACTIVE_ARCH = YES;
				SDKROOT = iphoneos;
			};
			name = Debug;
		};
		5872DC551FE3D57000040CC5 /* Release */ = {
			isa = XCBuildConfiguration;
			buildSettings = {
				ALWAYS_SEARCH_USER_PATHS = NO;
				CLANG_ANALYZER_NONNULL = YES;
				CLANG_ANALYZER_NUMBER_OBJECT_CONVERSION = YES_AGGRESSIVE;
				CLANG_CXX_LANGUAGE_STANDARD = "gnu++14";
				CLANG_CXX_LIBRARY = "libc++";
				CLANG_ENABLE_MODULES = YES;
				CLANG_ENABLE_OBJC_ARC = YES;
				CLANG_WARN_BLOCK_CAPTURE_AUTORELEASING = YES;
				CLANG_WARN_BOOL_CONVERSION = YES;
				CLANG_WARN_COMMA = YES;
				CLANG_WARN_CONSTANT_CONVERSION = YES;
				CLANG_WARN_DIRECT_OBJC_ISA_USAGE = YES_ERROR;
				CLANG_WARN_DOCUMENTATION_COMMENTS = YES;
				CLANG_WARN_EMPTY_BODY = YES;
				CLANG_WARN_ENUM_CONVERSION = YES;
				CLANG_WARN_INFINITE_RECURSION = YES;
				CLANG_WARN_INT_CONVERSION = YES;
				CLANG_WARN_NON_LITERAL_NULL_CONVERSION = YES;
				CLANG_WARN_OBJC_LITERAL_CONVERSION = YES;
				CLANG_WARN_OBJC_ROOT_CLASS = YES_ERROR;
				CLANG_WARN_RANGE_LOOP_ANALYSIS = YES;
				CLANG_WARN_STRICT_PROTOTYPES = YES;
				CLANG_WARN_SUSPICIOUS_MOVE = YES;
				CLANG_WARN_UNGUARDED_AVAILABILITY = YES_AGGRESSIVE;
				CLANG_WARN_UNREACHABLE_CODE = YES;
				CLANG_WARN__DUPLICATE_METHOD_MATCH = YES;
				CODE_SIGN_IDENTITY = "iPhone Developer";
				COPY_PHASE_STRIP = NO;
				DEBUG_INFORMATION_FORMAT = "dwarf-with-dsym";
				ENABLE_NS_ASSERTIONS = NO;
				ENABLE_STRICT_OBJC_MSGSEND = YES;
				GCC_C_LANGUAGE_STANDARD = gnu11;
				GCC_NO_COMMON_BLOCKS = YES;
				GCC_WARN_64_TO_32_BIT_CONVERSION = YES;
				GCC_WARN_ABOUT_RETURN_TYPE = YES_ERROR;
				GCC_WARN_UNDECLARED_SELECTOR = YES;
				GCC_WARN_UNINITIALIZED_AUTOS = YES_AGGRESSIVE;
				GCC_WARN_UNUSED_FUNCTION = YES;
				GCC_WARN_UNUSED_VARIABLE = YES;
				IPHONEOS_DEPLOYMENT_TARGET = 9.0;
				MTL_ENABLE_DEBUG_INFO = NO;
				SDKROOT = iphoneos;
				VALIDATE_PRODUCT = YES;
			};
			name = Release;
		};
		5872DC571FE3D57000040CC5 /* Debug */ = {
			isa = XCBuildConfiguration;
			baseConfigurationReference = 9299628B9ADBF54053B28676 /* Pods-NavigationControllerAnalyse.debug.xcconfig */;
			buildSettings = {
				ASSETCATALOG_COMPILER_APPICON_NAME = AppIcon;
				CODE_SIGN_STYLE = Automatic;
				DEVELOPMENT_TEAM = 49YMBTW8W3;
				GCC_INCREASE_PRECOMPILED_HEADER_SHARING = NO;
				GCC_PRECOMPILE_PREFIX_HEADER = YES;
				GCC_PREFIX_HEADER = "$(SRCROOT)/NavigationControllerAnalyse/PrefixHeader.pch";
				INFOPLIST_FILE = NavigationControllerAnalyse/Info.plist;
				IPHONEOS_DEPLOYMENT_TARGET = 9.0;
				LD_RUNPATH_SEARCH_PATHS = "$(inherited) @executable_path/Frameworks";
				PRODUCT_BUNDLE_IDENTIFIER = caoxueliang.NavigationControllerAnalyse;
				PRODUCT_NAME = "$(TARGET_NAME)";
				TARGETED_DEVICE_FAMILY = "1,2";
			};
			name = Debug;
		};
		5872DC581FE3D57000040CC5 /* Release */ = {
			isa = XCBuildConfiguration;
			baseConfigurationReference = 0C9768ACBC8AE8426AEBDC94 /* Pods-NavigationControllerAnalyse.release.xcconfig */;
			buildSettings = {
				ASSETCATALOG_COMPILER_APPICON_NAME = AppIcon;
				CODE_SIGN_STYLE = Automatic;
				DEVELOPMENT_TEAM = 49YMBTW8W3;
				GCC_INCREASE_PRECOMPILED_HEADER_SHARING = NO;
				GCC_PRECOMPILE_PREFIX_HEADER = YES;
				GCC_PREFIX_HEADER = "$(SRCROOT)/NavigationControllerAnalyse/PrefixHeader.pch";
				INFOPLIST_FILE = NavigationControllerAnalyse/Info.plist;
				IPHONEOS_DEPLOYMENT_TARGET = 9.0;
				LD_RUNPATH_SEARCH_PATHS = "$(inherited) @executable_path/Frameworks";
				PRODUCT_BUNDLE_IDENTIFIER = caoxueliang.NavigationControllerAnalyse;
				PRODUCT_NAME = "$(TARGET_NAME)";
				TARGETED_DEVICE_FAMILY = "1,2";
			};
			name = Release;
		};
/* End XCBuildConfiguration section */

/* Begin XCConfigurationList section */
		5872DC251FE3D57000040CC5 /* Build configuration list for PBXProject "NavigationControllerAnalyse" */ = {
			isa = XCConfigurationList;
			buildConfigurations = (
				5872DC541FE3D57000040CC5 /* Debug */,
				5872DC551FE3D57000040CC5 /* Release */,
			);
			defaultConfigurationIsVisible = 0;
			defaultConfigurationName = Release;
		};
		5872DC561FE3D57000040CC5 /* Build configuration list for PBXNativeTarget "NavigationControllerAnalyse" */ = {
			isa = XCConfigurationList;
			buildConfigurations = (
				5872DC571FE3D57000040CC5 /* Debug */,
				5872DC581FE3D57000040CC5 /* Release */,
			);
			defaultConfigurationIsVisible = 0;
			defaultConfigurationName = Release;
		};
/* End XCConfigurationList section */
	};
	rootObject = 5872DC221FE3D57000040CC5 /* Project object */;
}
